a:9:{s:28:"Migration\Step\Eav\Integrity";a:1:{s:15:"integrity check";a:1:{s:6:"result";b:1;}}s:33:"Migration\Step\Customer\Integrity";a:1:{s:15:"integrity check";a:1:{s:6:"result";b:1;}}s:42:"Migration\Step\UrlRewrite\Version191to2000";a:1:{s:15:"integrity check";a:1:{s:6:"result";b:1;}}s:28:"Migration\Step\Log\Integrity";a:1:{s:15:"integrity check";a:1:{s:6:"result";b:1;}}s:32:"Migration\Step\Ratings\Integrity";a:1:{s:15:"integrity check";a:1:{s:6:"result";b:1;}}s:43:"Migration\Step\ConfigurablePrices\Integrity";a:1:{s:15:"integrity check";a:1:{s:6:"result";b:1;}}s:35:"Migration\Step\OrderGrids\Integrity";a:1:{s:15:"integrity check";a:1:{s:6:"result";b:1;}}s:34:"Migration\Step\TierPrice\Integrity";a:1:{s:15:"integrity check";a:1:{s:6:"result";b:1;}}s:39:"Migration\Step\SalesIncrement\Integrity";a:1:{s:15:"integrity check";a:1:{s:6:"result";b:1;}}}